// !$*UTF8*$!
{
	archiveVersion = 1;
	classes = {
	};
	objectVersion = 46;
	objects = {

/* Begin PBXBuildFile section */
		9CEF85E6155BAFCA00897D94 /* UIKit.framework in Frameworks */ = {isa = PBXBuildFile; fileRef = 9CEF85E5155BAFCA00897D94 /* UIKit.framework */; };
		9CEF85E8155BAFCA00897D94 /* Foundation.framework in Frameworks */ = {isa = PBXBuildFile; fileRef = 9CEF85E7155BAFCA00897D94 /* Foundation.framework */; };
		9CEF85EA155BAFCA00897D94 /* CoreGraphics.framework in Frameworks */ = {isa = PBXBuildFile; fileRef = 9CEF85E9155BAFCA00897D94 /* CoreGraphics.framework */; };
		9CEF85F0155BAFCA00897D94 /* InfoPlist.strings in Resources */ = {isa = PBXBuildFile; fileRef = 9CEF85EE155BAFCA00897D94 /* InfoPlist.strings */; };
		9CEF85F2155BAFCA00897D94 /* main.m in Sources */ = {isa = PBXBuildFile; fileRef = 9CEF85F1155BAFCA00897D94 /* main.m */; };
		9CEF85F6155BAFCA00897D94 /* AppDelegate.m in Sources */ = {isa = PBXBuildFile; fileRef = 9CEF85F5155BAFCA00897D94 /* AppDelegate.m */; };
		9CEF85F9155BAFCA00897D94 /* ViewController.m in Sources */ = {isa = PBXBuildFile; fileRef = 9CEF85F8155BAFCA00897D94 /* ViewController.m */; };
		9CEF85FC155BAFCA00897D94 /* ViewController.xib in Resources */ = {isa = PBXBuildFile; fileRef = 9CEF85FA155BAFCA00897D94 /* ViewController.xib */; };
		9CEF8604155BAFCA00897D94 /* SenTestingKit.framework in Frameworks */ = {isa = PBXBuildFile; fileRef = 9CEF8603155BAFCA00897D94 /* SenTestingKit.framework */; };
		9CEF8605155BAFCA00897D94 /* UIKit.framework in Frameworks */ = {isa = PBXBuildFile; fileRef = 9CEF85E5155BAFCA00897D94 /* UIKit.framework */; };
		9CEF8606155BAFCA00897D94 /* Foundation.framework in Frameworks */ = {isa = PBXBuildFile; fileRef = 9CEF85E7155BAFCA00897D94 /* Foundation.framework */; };
		9CEF860E155BAFCA00897D94 /* InfoPlist.strings in Resources */ = {isa = PBXBuildFile; fileRef = 9CEF860C155BAFCA00897D94 /* InfoPlist.strings */; };
		9CEF8611155BAFCA00897D94 /* MakeItRainTests.m in Sources */ = {isa = PBXBuildFile; fileRef = 9CEF8610155BAFCA00897D94 /* MakeItRainTests.m */; };
		9CEF861B155BB12200897D94 /* dollarBill.jpg in Resources */ = {isa = PBXBuildFile; fileRef = 9CEF861A155BB12200897D94 /* dollarBill.jpg */; };
/* End PBXBuildFile section */

/* Begin PBXContainerItemProxy section */
		9CEF8607155BAFCA00897D94 /* PBXContainerItemProxy */ = {
			isa = PBXContainerItemProxy;
			containerPortal = 9CEF85D8155BAFCA00897D94 /* Project object */;
			proxyType = 1;
			remoteGlobalIDString = 9CEF85E0155BAFCA00897D94;
			remoteInfo = MakeItRain;
		};
/* End PBXContainerItemProxy section */

/* Begin PBXFileReference section */
		9CEF85E1155BAFCA00897D94 /* MakeItRain.app */ = {isa = PBXFileReference; explicitFileType = wrapper.application; includeInIndex = 0; path = MakeItRain.app; sourceTree = BUILT_PRODUCTS_DIR; };
		9CEF85E5155BAFCA00897D94 /* UIKit.framework */ = {isa = PBXFileReference; lastKnownFileType = wrapper.framework; name = UIKit.framework; path = System/Library/Frameworks/UIKit.framework; sourceTree = SDKROOT; };
		9CEF85E7155BAFCA00897D94 /* Foundation.framework */ = {isa = PBXFileReference; lastKnownFileType = wrapper.framework; name = Foundation.framework; path = System/Library/Frameworks/Foundation.framework; sourceTree = SDKROOT; };
		9CEF85E9155BAFCA00897D94 /* CoreGraphics.framework */ = {isa = PBXFileReference; lastKnownFileType = wrapper.framework; name = CoreGraphics.framework; path = System/Library/Frameworks/CoreGraphics.framework; sourceTree = SDKROOT; };
		9CEF85ED155BAFCA00897D94 /* MakeItRain-Info.plist */ = {isa = PBXFileReference; lastKnownFileType = text.plist.xml; path = "MakeItRain-Info.plist"; sourceTree = "<group>"; };
		9CEF85EF155BAFCA00897D94 /* en */ = {isa = PBXFileReference; lastKnownFileType = text.plist.strings; name = en; path = en.lproj/InfoPlist.strings; sourceTree = "<group>"; };
		9CEF85F1155BAFCA00897D94 /* main.m */ = {isa = PBXFileReference; lastKnownFileType = sourcecode.c.objc; path = main.m; sourceTree = "<group>"; };
		9CEF85F3155BAFCA00897D94 /* MakeItRain-Prefix.pch */ = {isa = PBXFileReference; lastKnownFileType = sourcecode.c.h; path = "MakeItRain-Prefix.pch"; sourceTree = "<group>"; };
		9CEF85F4155BAFCA00897D94 /* AppDelegate.h */ = {isa = PBXFileReference; lastKnownFileType = sourcecode.c.h; path = AppDelegate.h; sourceTree = "<group>"; };
		9CEF85F5155BAFCA00897D94 /* AppDelegate.m */ = {isa = PBXFileReference; lastKnownFileType = sourcecode.c.objc; path = AppDelegate.m; sourceTree = "<group>"; };
		9CEF85F7155BAFCA00897D94 /* ViewController.h */ = {isa = PBXFileReference; lastKnownFileType = sourcecode.c.h; path = ViewController.h; sourceTree = "<group>"; };
		9CEF85F8155BAFCA00897D94 /* ViewController.m */ = {isa = PBXFileReference; lastKnownFileType = sourcecode.c.objc; path = ViewController.m; sourceTree = "<group>"; };
		9CEF85FB155BAFCA00897D94 /* en */ = {isa = PBXFileReference; lastKnownFileType = file.xib; name = en; path = en.lproj/ViewController.xib; sourceTree = "<group>"; };
		9CEF8602155BAFCA00897D94 /* MakeItRainTests.octest */ = {isa = PBXFileReference; explicitFileType = wrapper.cfbundle; includeInIndex = 0; path = MakeItRainTests.octest; sourceTree = BUILT_PRODUCTS_DIR; };
		9CEF8603155BAFCA00897D94 /* SenTestingKit.framework */ = {isa = PBXFileReference; lastKnownFileType = wrapper.framework; name = SenTestingKit.framework; path = Library/Frameworks/SenTestingKit.framework; sourceTree = DEVELOPER_DIR; };
		9CEF860B155BAFCA00897D94 /* MakeItRainTests-Info.plist */ = {isa = PBXFileReference; lastKnownFileType = text.plist.xml; path = "MakeItRainTests-Info.plist"; sourceTree = "<group>"; };
		9CEF860D155BAFCA00897D94 /* en */ = {isa = PBXFileReference; lastKnownFileType = text.plist.strings; name = en; path = en.lproj/InfoPlist.strings; sourceTree = "<group>"; };
		9CEF860F155BAFCA00897D94 /* MakeItRainTests.h */ = {isa = PBXFileReference; lastKnownFileType = sourcecode.c.h; path = MakeItRainTests.h; sourceTree = "<group>"; };
		9CEF8610155BAFCA00897D94 /* MakeItRainTests.m */ = {isa = PBXFileReference; lastKnownFileType = sourcecode.c.objc; path = MakeItRainTests.m; sourceTree = "<group>"; };
		9CEF861A155BB12200897D94 /* dollarBill.jpg */ = {isa = PBXFileReference; lastKnownFileType = image.jpeg; path = dollarBill.jpg; sourceTree = "<group>"; };
/* End PBXFileReference section */

/* Begin PBXFrameworksBuildPhase section */
		9CEF85DE155BAFCA00897D94 /* Frameworks */ = {
			isa = PBXFrameworksBuildPhase;
			buildActionMask = 2147483647;
			files = (
				9CEF85E6155BAFCA00897D94 /* UIKit.framework in Frameworks */,
				9CEF85E8155BAFCA00897D94 /* Foundation.framework in Frameworks */,
				9CEF85EA155BAFCA00897D94 /* CoreGraphics.framework in Frameworks */,
			);
			runOnlyForDeploymentPostprocessing = 0;
		};
		9CEF85FE155BAFCA00897D94 /* Frameworks */ = {
			isa = PBXFrameworksBuildPhase;
			buildActionMask = 2147483647;
			files = (
				9CEF8604155BAFCA00897D94 /* SenTestingKit.framework in Frameworks */,
				9CEF8605155BAFCA00897D94 /* UIKit.framework in Frameworks */,
				9CEF8606155BAFCA00897D94 /* Foundation.framework in Frameworks */,
			);
			runOnlyForDeploymentPostprocessing = 0;
		};
/* End PBXFrameworksBuildPhase section */

/* Begin PBXGroup section */
		9CEF85D6155BAFCA00897D94 = {
			isa = PBXGroup;
			children = (
				9CEF85EB155BAFCA00897D94 /* MakeItRain */,
				9CEF8609155BAFCA00897D94 /* MakeItRainTests */,
				9CEF85E4155BAFCA00897D94 /* Frameworks */,
				9CEF85E2155BAFCA00897D94 /* Products */,
			);
			sourceTree = "<group>";
		};
		9CEF85E2155BAFCA00897D94 /* Products */ = {
			isa = PBXGroup;
			children = (
				9CEF85E1155BAFCA00897D94 /* MakeItRain.app */,
				9CEF8602155BAFCA00897D94 /* MakeItRainTests.octest */,
			);
			name = Products;
			sourceTree = "<group>";
		};
		9CEF85E4155BAFCA00897D94 /* Frameworks */ = {
			isa = PBXGroup;
			children = (
				9CEF85E5155BAFCA00897D94 /* UIKit.framework */,
				9CEF85E7155BAFCA00897D94 /* Foundation.framework */,
				9CEF85E9155BAFCA00897D94 /* CoreGraphics.framework */,
				9CEF8603155BAFCA00897D94 /* SenTestingKit.framework */,
			);
			name = Frameworks;
			sourceTree = "<group>";
		};
		9CEF85EB155BAFCA00897D94 /* MakeItRain */ = {
			isa = PBXGroup;
			children = (
				9CEF85F4155BAFCA00897D94 /* AppDelegate.h */,
				9CEF85F5155BAFCA00897D94 /* AppDelegate.m */,
				9CEF85F7155BAFCA00897D94 /* ViewController.h */,
				9CEF85F8155BAFCA00897D94 /* ViewController.m */,
				9CEF85FA155BAFCA00897D94 /* ViewController.xib */,
				9CEF85EC155BAFCA00897D94 /* Supporting Files */,
			);
			path = MakeItRain;
			sourceTree = "<group>";
		};
		9CEF85EC155BAFCA00897D94 /* Supporting Files */ = {
			isa = PBXGroup;
			children = (
				9CEF861A155BB12200897D94 /* dollarBill.jpg */,
				9CEF85ED155BAFCA00897D94 /* MakeItRain-Info.plist */,
				9CEF85EE155BAFCA00897D94 /* InfoPlist.strings */,
				9CEF85F1155BAFCA00897D94 /* main.m */,
				9CEF85F3155BAFCA00897D94 /* MakeItRain-Prefix.pch */,
			);
			name = "Supporting Files";
			sourceTree = "<group>";
		};
		9CEF8609155BAFCA00897D94 /* MakeItRainTests */ = {
			isa = PBXGroup;
			children = (
				9CEF860F155BAFCA00897D94 /* MakeItRainTests.h */,
				9CEF8610155BAFCA00897D94 /* MakeItRainTests.m */,
				9CEF860A155BAFCA00897D94 /* Supporting Files */,
			);
			path = MakeItRainTests;
			sourceTree = "<group>";
		};
		9CEF860A155BAFCA00897D94 /* Supporting Files */ = {
			isa = PBXGroup;
			children = (
				9CEF860B155BAFCA00897D94 /* MakeItRainTests-Info.plist */,
				9CEF860C155BAFCA00897D94 /* InfoPlist.strings */,
			);
			name = "Supporting Files";
			sourceTree = "<group>";
		};
/* End PBXGroup section */

/* Begin PBXNativeTarget section */
		9CEF85E0155BAFCA00897D94 /* MakeItRain */ = {
			isa = PBXNativeTarget;
			buildConfigurationList = 9CEF8614155BAFCA00897D94 /* Build configuration list for PBXNativeTarget "MakeItRain" */;
			buildPhases = (
				9CEF85DD155BAFCA00897D94 /* Sources */,
				9CEF85DE155BAFCA00897D94 /* Frameworks */,
				9CEF85DF155BAFCA00897D94 /* Resources */,
			);
			buildRules = (
			);
			dependencies = (
			);
			name = MakeItRain;
			productName = MakeItRain;
			productReference = 9CEF85E1155BAFCA00897D94 /* MakeItRain.app */;
			productType = "com.apple.product-type.application";
		};
		9CEF8601155BAFCA00897D94 /* MakeItRainTests */ = {
			isa = PBXNativeTarget;
			buildConfigurationList = 9CEF8617155BAFCA00897D94 /* Build configuration list for PBXNativeTarget "MakeItRainTests" */;
			buildPhases = (
				9CEF85FD155BAFCA00897D94 /* Sources */,
				9CEF85FE155BAFCA00897D94 /* Frameworks */,
				9CEF85FF155BAFCA00897D94 /* Resources */,
				9CEF8600155BAFCA00897D94 /* ShellScript */,
			);
			buildRules = (
			);
			dependencies = (
				9CEF8608155BAFCA00897D94 /* PBXTargetDependency */,
			);
			name = MakeItRainTests;
			productName = MakeItRainTests;
			productReference = 9CEF8602155BAFCA00897D94 /* MakeItRainTests.octest */;
			productType = "com.apple.product-type.bundle";
		};
/* End PBXNativeTarget section */

/* Begin PBXProject section */
		9CEF85D8155BAFCA00897D94 /* Project object */ = {
			isa = PBXProject;
			attributes = {
				LastUpgradeCheck = 0430;
			};
			buildConfigurationList = 9CEF85DB155BAFCA00897D94 /* Build configuration list for PBXProject "MakeItRain" */;
			compatibilityVersion = "Xcode 3.2";
			developmentRegion = English;
			hasScannedForEncodings = 0;
			knownRegions = (
				en,
			);
			mainGroup = 9CEF85D6155BAFCA00897D94;
			productRefGroup = 9CEF85E2155BAFCA00897D94 /* Products */;
			projectDirPath = "";
			projectRoot = "";
			targets = (
				9CEF85E0155BAFCA00897D94 /* MakeItRain */,
				9CEF8601155BAFCA00897D94 /* MakeItRainTests */,
			);
		};
/* End PBXProject section */

/* Begin PBXResourcesBuildPhase section */
		9CEF85DF155BAFCA00897D94 /* Resources */ = {
			isa = PBXResourcesBuildPhase;
			buildActionMask = 2147483647;
			files = (
				9CEF85F0155BAFCA00897D94 /* InfoPlist.strings in Resources */,
				9CEF85FC155BAFCA00897D94 /* ViewController.xib in Resources */,
				9CEF861B155BB12200897D94 /* dollarBill.jpg in Resources */,
			);
			runOnlyForDeploymentPostprocessing = 0;
		};
		9CEF85FF155BAFCA00897D94 /* Resources */ = {
			isa = PBXResourcesBuildPhase;
			buildActionMask = 2147483647;
			files = (
				9CEF860E155BAFCA00897D94 /* InfoPlist.strings in Resources */,
			);
			runOnlyForDeploymentPostprocessing = 0;
		};
/* End PBXResourcesBuildPhase section */

/* Begin PBXShellScriptBuildPhase section */
		9CEF8600155BAFCA00897D94 /* ShellScript */ = {
			isa = PBXShellScriptBuildPhase;
			buildActionMask = 2147483647;
			files = (
			);
			inputPaths = (
			);
			outputPaths = (
			);
			runOnlyForDeploymentPostprocessing = 0;
			shellPath = /bin/sh;
			shellScript = "# Run the unit tests in this test bundle.\n\"${SYSTEM_DEVELOPER_DIR}/Tools/RunUnitTests\"\n";
		};
/* End PBXShellScriptBuildPhase section */

/* Begin PBXSourcesBuildPhase section */
		9CEF85DD155BAFCA00897D94 /* Sources */ = {
			isa = PBXSourcesBuildPhase;
			buildActionMask = 2147483647;
			files = (
				9CEF85F2155BAFCA00897D94 /* main.m in Sources */,
				9CEF85F6155BAFCA00897D94 /* AppDelegate.m in Sources */,
				9CEF85F9155BAFCA00897D94 /* ViewController.m in Sources */,
			);
			runOnlyForDeploymentPostprocessing = 0;
		};
		9CEF85FD155BAFCA00897D94 /* Sources */ = {
			isa = PBXSourcesBuildPhase;
			buildActionMask = 2147483647;
			files = (
				9CEF8611155BAFCA00897D94 /* MakeItRainTests.m in Sources */,
			);
			runOnlyForDeploymentPostprocessing = 0;
		};
/* End PBXSourcesBuildPhase section */

/* Begin PBXTargetDependency section */
		9CEF8608155BAFCA00897D94 /* PBXTargetDependency */ = {
			isa = PBXTargetDependency;
			target = 9CEF85E0155BAFCA00897D94 /* MakeItRain */;
			targetProxy = 9CEF8607155BAFCA00897D94 /* PBXContainerItemProxy */;
		};
/* End PBXTargetDependency section */

/* Begin PBXVariantGroup section */
		9CEF85EE155BAFCA00897D94 /* InfoPlist.strings */ = {
			isa = PBXVariantGroup;
			children = (
				9CEF85EF155BAFCA00897D94 /* en */,
			);
			name = InfoPlist.strings;
			sourceTree = "<group>";
		};
		9CEF85FA155BAFCA00897D94 /* ViewController.xib */ = {
			isa = PBXVariantGroup;
			children = (
				9CEF85FB155BAFCA00897D94 /* en */,
			);
			name = ViewController.xib;
			sourceTree = "<group>";
		};
		9CEF860C155BAFCA00897D94 /* InfoPlist.strings */ = {
			isa = PBXVariantGroup;
			children = (
				9CEF860D155BAFCA00897D94 /* en */,
			);
			name = InfoPlist.strings;
			sourceTree = "<group>";
		};
/* End PBXVariantGroup section */

/* Begin XCBuildConfiguration section */
		9CEF8612155BAFCA00897D94 /* Debug */ = {
			isa = XCBuildConfiguration;
			buildSettings = {
				ALWAYS_SEARCH_USER_PATHS = NO;
				ARCHS = "$(ARCHS_STANDARD_32_BIT)";
				CLANG_ENABLE_OBJC_ARC = YES;
				"CODE_SIGN_IDENTITY[sdk=iphoneos*]" = "iPhone Developer";
				COPY_PHASE_STRIP = NO;
				GCC_C_LANGUAGE_STANDARD = gnu99;
				GCC_DYNAMIC_NO_PIC = NO;
				GCC_OPTIMIZATION_LEVEL = 0;
				GCC_PREPROCESSOR_DEFINITIONS = (
					"DEBUG=1",
					"$(inherited)",
				);
				GCC_SYMBOLS_PRIVATE_EXTERN = NO;
				GCC_VERSION = com.apple.compilers.llvm.clang.1_0;
				GCC_WARN_ABOUT_RETURN_TYPE = YES;
				GCC_WARN_UNINITIALIZED_AUTOS = YES;
				GCC_WARN_UNUSED_VARIABLE = YES;
				IPHONEOS_DEPLOYMENT_TARGET = 5.1;
				SDKROOT = iphoneos;
			};
			name = Debug;
		};
		9CEF8613155BAFCA00897D94 /* Release */ = {
			isa = XCBuildConfiguration;
			buildSettings = {
				ALWAYS_SEARCH_USER_PATHS = NO;
				ARCHS = "$(ARCHS_STANDARD_32_BIT)";
				CLANG_ENABLE_OBJC_ARC = YES;
				"CODE_SIGN_IDENTITY[sdk=iphoneos*]" = "iPhone Developer";
				COPY_PHASE_STRIP = YES;
				GCC_C_LANGUAGE_STANDARD = gnu99;
				GCC_VERSION = com.apple.compilers.llvm.clang.1_0;
				GCC_WARN_ABOUT_RETURN_TYPE = YES;
				GCC_WARN_UNINITIALIZED_AUTOS = YES;
				GCC_WARN_UNUSED_VARIABLE = YES;
				IPHONEOS_DEPLOYMENT_TARGET = 5.1;
				OTHER_CFLAGS = "-DNS_BLOCK_ASSERTIONS=1";
				SDKROOT = iphoneos;
				VALIDATE_PRODUCT = YES;
			};
			name = Release;
		};
		9CEF8615155BAFCA00897D94 /* Debug */ = {
			isa = XCBuildConfiguration;
			buildSettings = {
				GCC_PRECOMPILE_PREFIX_HEADER = YES;
				GCC_PREFIX_HEADER = "MakeItRain/MakeItRain-Prefix.pch";
				INFOPLIST_FILE = "MakeItRain/MakeItRain-Info.plist";
				PRODUCT_NAME = "$(TARGET_NAME)";
				WRAPPER_EXTENSION = app;
			};
			name = Debug;
		};
		9CEF8616155BAFCA00897D94 /* Release */ = {
			isa = XCBuildConfiguration;
			buildSettings = {
				GCC_PRECOMPILE_PREFIX_HEADER = YES;
				GCC_PREFIX_HEADER = "MakeItRain/MakeItRain-Prefix.pch";
				INFOPLIST_FILE = "MakeItRain/MakeItRain-Info.plist";
				PRODUCT_NAME = "$(TARGET_NAME)";
				WRAPPER_EXTENSION = app;
			};
			name = Release;
		};
		9CEF8618155BAFCA00897D94 /* Debug */ = {
			isa = XCBuildConfiguration;
			buildSettings = {
				BUNDLE_LOADER = "$(BUILT_PRODUCTS_DIR)/MakeItRain.app/MakeItRain";
				FRAMEWORK_SEARCH_PATHS = (
					"$(SDKROOT)/Developer/Library/Frameworks",
					"$(DEVELOPER_LIBRARY_DIR)/Frameworks",
				);
				GCC_PRECOMPILE_PREFIX_HEADER = YES;
				GCC_PREFIX_HEADER = "MakeItRain/MakeItRain-Prefix.pch";
				INFOPLIST_FILE = "MakeItRainTests/MakeItRainTests-Info.plist";
				PRODUCT_NAME = "$(TARGET_NAME)";
				TEST_HOST = "$(BUNDLE_LOADER)";
				WRAPPER_EXTENSION = octest;
			};
			name = Debug;
		};
		9CEF8619155BAFCA00897D94 /* Release */ = {
			isa = XCBuildConfiguration;
			buildSettings = {
				BUNDLE_LOADER = "$(BUILT_PRODUCTS_DIR)/MakeItRain.app/MakeItRain";
				FRAMEWORK_SEARCH_PATHS = (
					"$(SDKROOT)/Developer/Library/Frameworks",
					"$(DEVELOPER_LIBRARY_DIR)/Frameworks",
				);
				GCC_PRECOMPILE_PREFIX_HEADER = YES;
				GCC_PREFIX_HEADER = "MakeItRain/MakeItRain-Prefix.pch";
				INFOPLIST_FILE = "MakeItRainTests/MakeItRainTests-Info.plist";
				PRODUCT_NAME = "$(TARGET_NAME)";
				TEST_HOST = "$(BUNDLE_LOADER)";
				WRAPPER_EXTENSION = octest;
			};
			name = Release;
		};
/* End XCBuildConfiguration section */

/* Begin XCConfigurationList section */
		9CEF85DB155BAFCA00897D94 /* Build configuration list for PBXProject "MakeItRain" */ = {
			isa = XCConfigurationList;
			buildConfigurations = (
				9CEF8612155BAFCA00897D94 /* Debug */,
				9CEF8613155BAFCA00897D94 /* Release */,
			);
			defaultConfigurationIsVisible = 0;
			defaultConfigurationName = Release;
		};
		9CEF8614155BAFCA00897D94 /* Build configuration list for PBXNativeTarget "MakeItRain" */ = {
			isa = XCConfigurationList;
			buildConfigurations = (
				9CEF8615155BAFCA00897D94 /* Debug */,
				9CEF8616155BAFCA00897D94 /* Release */,
			);
			defaultConfigurationIsVisible = 0;
		};
		9CEF8617155BAFCA00897D94 /* Build configuration list for PBXNativeTarget "MakeItRainTests" */ = {
			isa = XCConfigurationList;
			buildConfigurations = (
				9CEF8618155BAFCA00897D94 /* Debug */,
				9CEF8619155BAFCA00897D94 /* Release */,
			);
			defaultConfigurationIsVisible = 0;
		};
/* End XCConfigurationList section */
	};
	rootObject = 9CEF85D8155BAFCA00897D94 /* Project object */;
}
